
Microsoft Visual Studio Solution File, Format Version 12.00
# Visual Studio Version 16
VisualStudioVersion = 16.0.29709.97
MinimumVisualStudioVersion = 10.0.40219.1
Project("{9A19103F-16F7-4668-BE54-9A1E7A4F7556}") = "Demo.HotChocolate.Server", "src\Demo.HotChocolate.Server\Demo.HotChocolate.Server.csproj", "{AA9067B0-D8F8-4B13-8149-900BB7714AC9}"
EndProject
Project("{FAE04EC0-301F-11D3-BF4B-00C04F79EFBC}") = "Demo.HotChocolate.Server.Data", "src\Demo.HotChocolate.Server.Data\Demo.HotChocolate.Server.Data.csproj", "{F719CB84-2DF2-40A8-B9DE-08DE0EA1637E}"
EndProject
Project("{FAE04EC0-301F-11D3-BF4B-00C04F79EFBC}") = "Demo.HotChocolate.Server.Domain", "src\Demo.HotChocolate.Server.Domain\Demo.HotChocolate.Server.Domain.csproj", "{FC827415-FE31-4967-96E9-274096AB7C9F}"
EndProject
Project("{FAE04EC0-301F-11D3-BF4B-00C04F79EFBC}") = "Demo.HotChocolate.Server.Data.Tests", "tests\Demo.HotChocolate.Server.Data.Tests\Demo.HotChocolate.Server.Data.Tests.csproj", "{3822D831-E13E-48C6-ABA8-58578693C721}"
EndProject
Project("{2150E333-8FDC-42A3-9474-1A3956D46DE8}") = "Tests", "Tests", "{61C76AAD-72C2-4D98-B414-CE55CA5919CC}"
EndProject
Global
	GlobalSection(SolutionConfigurationPlatforms) = preSolution
		Debug|Any CPU = Debug|Any CPU
		Release|Any CPU = Release|Any CPU
	EndGlobalSection
	GlobalSection(ProjectConfigurationPlatforms) = postSolution
		{AA9067B0-D8F8-4B13-8149-900BB7714AC9}.Debug|Any CPU.ActiveCfg = Debug|Any CPU
		{AA9067B0-D8F8-4B13-8149-900BB7714AC9}.Debug|Any CPU.Build.0 = Debug|Any CPU
		{AA9067B0-D8F8-4B13-8149-900BB7714AC9}.Release|Any CPU.ActiveCfg = Release|Any CPU
		{AA9067B0-D8F8-4B13-8149-900BB7714AC9}.Release|Any CPU.Build.0 = Release|Any CPU
		{F719CB84-2DF2-40A8-B9DE-08DE0EA1637E}.Debug|Any CPU.ActiveCfg = Debug|Any CPU
		{F719CB84-2DF2-40A8-B9DE-08DE0EA1637E}.Debug|Any CPU.Build.0 = Debug|Any CPU
		{F719CB84-2DF2-40A8-B9DE-08DE0EA1637E}.Release|Any CPU.ActiveCfg = Release|Any CPU
		{F719CB84-2DF2-40A8-B9DE-08DE0EA1637E}.Release|Any CPU.Build.0 = Release|Any CPU
		{FC827415-FE31-4967-96E9-274096AB7C9F}.Debug|Any CPU.ActiveCfg = Debug|Any CPU
		{FC827415-FE31-4967-96E9-274096AB7C9F}.Debug|Any CPU.Build.0 = Debug|Any CPU
		{FC827415-FE31-4967-96E9-274096AB7C9F}.Release|Any CPU.ActiveCfg = Release|Any CPU
		{FC827415-FE31-4967-96E9-274096AB7C9F}.Release|Any CPU.Build.0 = Release|Any CPU
		{3822D831-E13E-48C6-ABA8-58578693C721}.Debug|Any CPU.ActiveCfg = Debug|Any CPU
		{3822D831-E13E-48C6-ABA8-58578693C721}.Debug|Any CPU.Build.0 = Debug|Any CPU
		{3822D831-E13E-48C6-ABA8-58578693C721}.Release|Any CPU.ActiveCfg = Release|Any CPU
		{3822D831-E13E-48C6-ABA8-58578693C721}.Release|Any CPU.Build.0 = Release|Any CPU
	EndGlobalSection
	GlobalSection(SolutionProperties) = preSolution
		HideSolutionNode = FALSE
	EndGlobalSection
	GlobalSection(NestedProjects) = preSolution
		{3822D831-E13E-48C6-ABA8-58578693C721} = {61C76AAD-72C2-4D98-B414-CE55CA5919CC}
	EndGlobalSection
	GlobalSection(ExtensibilityGlobals) = postSolution
		SolutionGuid = {0E35FAD3-9B30-4EE2-8602-FF97997D9DBE}
	EndGlobalSection
EndGlobal
